
Microsoft Visual Studio Solution File, Format Version 12.00
# Visual Studio 2012
Project("{8BC9CEB8-8B4A-11D0-8D11-00A0C91BC942}") = "Algorithm[邻接矩阵段凡丁SPFA算法]", "Algorithm[邻接矩阵段凡丁SPFA算法]\Algorithm[邻接矩阵段凡丁SPFA算法].vcxproj", "{35E0E7D4-21BA-4AAF-B084-B95C055F7046}"
EndProject
Global
	GlobalSection(SolutionConfigurationPlatforms) = preSolution
		Debug|Win32 = Debug|Win32
		Release|Win32 = Release|Win32
	EndGlobalSection
	GlobalSection(ProjectConfigurationPlatforms) = postSolution
		{35E0E7D4-21BA-4AAF-B084-B95C055F7046}.Debug|Win32.ActiveCfg = Debug|Win32
		{35E0E7D4-21BA-4AAF-B084-B95C055F7046}.Debug|Win32.Build.0 = Debug|Win32
		{35E0E7D4-21BA-4AAF-B084-B95C055F7046}.Release|Win32.ActiveCfg = Release|Win32
		{35E0E7D4-21BA-4AAF-B084-B95C055F7046}.Release|Win32.Build.0 = Release|Win32
	EndGlobalSection
	GlobalSection(SolutionProperties) = preSolution
		HideSolutionNode = FALSE
	EndGlobalSection
EndGlobal
