
Microsoft Visual Studio Solution File, Format Version 12.00
# Visual Studio 2012
Project("{8BC9CEB8-8B4A-11D0-8D11-00A0C91BC942}") = "Algorithm[HuffmanTree]", "Algorithm[HuffmanTree]\Algorithm[HuffmanTree].vcxproj", "{C994D382-43E2-4B8F-9C35-E5C4573A9B25}"
EndProject
Global
	GlobalSection(SolutionConfigurationPlatforms) = preSolution
		Debug|Win32 = Debug|Win32
		Release|Win32 = Release|Win32
	EndGlobalSection
	GlobalSection(ProjectConfigurationPlatforms) = postSolution
		{C994D382-43E2-4B8F-9C35-E5C4573A9B25}.Debug|Win32.ActiveCfg = Debug|Win32
		{C994D382-43E2-4B8F-9C35-E5C4573A9B25}.Debug|Win32.Build.0 = Debug|Win32
		{C994D382-43E2-4B8F-9C35-E5C4573A9B25}.Release|Win32.ActiveCfg = Release|Win32
		{C994D382-43E2-4B8F-9C35-E5C4573A9B25}.Release|Win32.Build.0 = Release|Win32
	EndGlobalSection
	GlobalSection(SolutionProperties) = preSolution
		HideSolutionNode = FALSE
	EndGlobalSection
EndGlobal
